# This file is automatically @generated by Cargo.
# It is not intended for manual editing.
[[package]]
name = "hack-assembler"
version = "0.1.0"
source = "git+https://github.com/heftyfunseeker/hack-assembler#d811295dac7a0e64734179f131e7bd6a45570de1"

[[package]]
name = "hack-emulator"
version = "0.1.0"
dependencies = [
 "hack-assembler 0.1.0 (git+https://github.com/heftyfunseeker/hack-assembler)",
]

[metadata]
"checksum hack-assembler 0.1.0 (git+https://github.com/heftyfunseeker/hack-assembler)" = "<none>"
